// !$*UTF8*$!
{ archiveVersion = 1; classes = {}; objectVersion = 56; objects = {
		000000000000000000000190 = { isa = PBXFileReference; lastKnownFileType = sourcecode.swift; path = Sources/Obby/SidebarDrag.swift; sourceTree = SOURCE_ROOT; };
		000000000000000000000191 = { isa = PBXBuildFile; fileRef = 000000000000000000000190; };
		000000000000000000000064 = { isa = PBXFileReference; lastKnownFileType = sourcecode.swift; path = "Sources/Obby/ChatMemory.swift"; sourceTree = SOURCE_ROOT; };
		0000000000000000000000C8 = { isa = PBXBuildFile; fileRef = 000000000000000000000064; };
		000000000000000000000065 = { isa = PBXFileReference; lastKnownFileType = sourcecode.swift; path = "Sources/Obby/Editor.swift"; sourceTree = SOURCE_ROOT; };
		0000000000000000000000C9 = { isa = PBXBuildFile; fileRef = 000000000000000000000065; };
		000000000000000000000066 = { isa = PBXFileReference; lastKnownFileType = sourcecode.swift; path = "Sources/Obby/Model.swift"; sourceTree = SOURCE_ROOT; };
		0000000000000000000000CA = { isa = PBXBuildFile; fileRef = 000000000000000000000066; };
		000000000000000000000067 = { isa = PBXFileReference; lastKnownFileType = sourcecode.swift; path = "Sources/Obby/ModelSettings.swift"; sourceTree = SOURCE_ROOT; };
		0000000000000000000000CB = { isa = PBXBuildFile; fileRef = 000000000000000000000067; };
		000000000000000000000068 = { isa = PBXFileReference; lastKnownFileType = sourcecode.swift; path = "Sources/Obby/ObbyApp.swift"; sourceTree = SOURCE_ROOT; };
		0000000000000000000000CC = { isa = PBXBuildFile; fileRef = 000000000000000000000068; };
		000000000000000000000069 = { isa = PBXFileReference; lastKnownFileType = sourcecode.swift; path = "Sources/Obby/Ollama.swift"; sourceTree = SOURCE_ROOT; };
		0000000000000000000000CD = { isa = PBXBuildFile; fileRef = 000000000000000000000069; };
		00000000000000000000006A = { isa = PBXFileReference; lastKnownFileType = sourcecode.swift; path = "Sources/Obby/Vault.swift"; sourceTree = SOURCE_ROOT; };
		0000000000000000000000CE = { isa = PBXBuildFile; fileRef = 00000000000000000000006A; };
		000000000000000000000192 = { isa = PBXFileReference; lastKnownFileType = sourcecode.swift; path = Sources/Obby/AIProvider.swift; sourceTree = SOURCE_ROOT; };
		000000000000000000000193 = { isa = PBXBuildFile; fileRef = 000000000000000000000192; };
		000000000000000000000194 = { isa = PBXFileReference; lastKnownFileType = sourcecode.swift; path = Sources/Obby/Keychain.swift; sourceTree = SOURCE_ROOT; };
		000000000000000000000195 = { isa = PBXBuildFile; fileRef = 000000000000000000000194; };
		000000000000000000000196 = { isa = PBXFileReference; lastKnownFileType = sourcecode.swift; path = Sources/Obby/ChatMarkdown.swift; sourceTree = SOURCE_ROOT; };
		000000000000000000000197 = { isa = PBXBuildFile; fileRef = 000000000000000000000196; };
		000000000000000000000198 = { isa = PBXFileReference; lastKnownFileType = sourcecode.swift; path = Sources/Obby/ContextBudget.swift; sourceTree = SOURCE_ROOT; };
		000000000000000000000199 = { isa = PBXBuildFile; fileRef = 000000000000000000000198; };
		00000000000000000000019A = { isa = PBXFileReference; lastKnownFileType = sourcecode.swift; path = Sources/Obby/Onboarding.swift; sourceTree = SOURCE_ROOT; };
		00000000000000000000019B = { isa = PBXBuildFile; fileRef = 00000000000000000000019A; };
		00000000000000000000019C = { isa = PBXFileReference; lastKnownFileType = sourcecode.swift; path = Sources/Obby/NoteIndex.swift; sourceTree = SOURCE_ROOT; };
		00000000000000000000019D = { isa = PBXBuildFile; fileRef = 00000000000000000000019C; };
		00000000000000000000019E = { isa = PBXFileReference; lastKnownFileType = sourcecode.swift; path = Sources/Obby/QuickAction.swift; sourceTree = SOURCE_ROOT; };
		00000000000000000000019F = { isa = PBXBuildFile; fileRef = 00000000000000000000019E; };
		0000000000000000000001A0 = { isa = PBXFileReference; lastKnownFileType = sourcecode.swift; path = Sources/Obby/QuickActionRunner.swift; sourceTree = SOURCE_ROOT; };
		0000000000000000000001A1 = { isa = PBXBuildFile; fileRef = 0000000000000000000001A0; };
		000000000000000000000001 = { isa = PBXProject; buildConfigurationList = 00000000000000000000000A; compatibilityVersion = "Xcode 14.0"; developmentRegion = en; knownRegions = (en, Base); mainGroup = 000000000000000000000002; productRefGroup = 000000000000000000000003; projectDirPath = ""; projectRoot = ""; targets = (000000000000000000000004); };
		000000000000000000000002 = { isa = PBXGroup; children = (000000000000000000000190, 00000000000000000000019A, 00000000000000000000019C, 00000000000000000000019E, 0000000000000000000001A0, 000000000000000000000198, 000000000000000000000196, 000000000000000000000192, 000000000000000000000194, 000000000000000000000064, 000000000000000000000065, 000000000000000000000066, 000000000000000000000067, 000000000000000000000068, 000000000000000000000069, 00000000000000000000006A, 000000000000000000000007, 000000000000000000000003); sourceTree = "<group>"; };
		000000000000000000000003 = { isa = PBXGroup; children = (000000000000000000000005); name = Products; sourceTree = "<group>"; };
		000000000000000000000004 = { isa = PBXNativeTarget; buildConfigurationList = 00000000000000000000000B; buildPhases = (000000000000000000000006, 000000000000000000000008); buildRules = (); dependencies = (); name = Obby; productName = Obby; productReference = 000000000000000000000005; productType = "com.apple.product-type.application"; };
		000000000000000000000005 = { isa = PBXFileReference; explicitFileType = wrapper.application; includeInIndex = 0; path = Obby.app; sourceTree = BUILT_PRODUCTS_DIR; };
		000000000000000000000006 = { isa = PBXSourcesBuildPhase; buildActionMask = 2147483647; files = (000000000000000000000191, 00000000000000000000019B, 00000000000000000000019D, 00000000000000000000019F, 0000000000000000000001A1, 000000000000000000000199, 000000000000000000000197, 000000000000000000000193, 000000000000000000000195, 0000000000000000000000C8, 0000000000000000000000C9, 0000000000000000000000CA, 0000000000000000000000CB, 0000000000000000000000CC, 0000000000000000000000CD, 0000000000000000000000CE); runOnlyForDeploymentPostprocessing = 0; };
		000000000000000000000007 = { isa = PBXFileReference; lastKnownFileType = folder.assetcatalog; path = Resources/Assets.xcassets; sourceTree = SOURCE_ROOT; };
		000000000000000000000008 = { isa = PBXResourcesBuildPhase; buildActionMask = 2147483647; files = (000000000000000000000009); runOnlyForDeploymentPostprocessing = 0; };
		000000000000000000000009 = { isa = PBXBuildFile; fileRef = 000000000000000000000007; };
		00000000000000000000000A = { isa = XCConfigurationList; buildConfigurations = (00000000000000000000000C, 00000000000000000000000D); defaultConfigurationIsVisible = 0; defaultConfigurationName = Release; };
		00000000000000000000000B = { isa = XCConfigurationList; buildConfigurations = (00000000000000000000000E, 00000000000000000000000F); defaultConfigurationIsVisible = 0; defaultConfigurationName = Release; };
		00000000000000000000000C = { isa = XCBuildConfiguration; buildSettings = { SDKROOT = macosx; MACOSX_DEPLOYMENT_TARGET = 13.0; }; name = Debug; };
		00000000000000000000000D = { isa = XCBuildConfiguration; buildSettings = { SDKROOT = macosx; MACOSX_DEPLOYMENT_TARGET = 13.0; }; name = Release; };
		00000000000000000000000E = { isa = XCBuildConfiguration; buildSettings = { ASSETCATALOG_COMPILER_APPICON_NAME = AppIcon; CODE_SIGN_IDENTITY = "-"; CODE_SIGN_STYLE = Manual; ENABLE_HARDENED_RUNTIME = NO; GENERATE_INFOPLIST_FILE = NO; INFOPLIST_FILE = Info.plist; PRODUCT_BUNDLE_IDENTIFIER = local.obby.notes; PRODUCT_NAME = "$(TARGET_NAME)"; SWIFT_VERSION = 5.0; }; name = Debug; };
		00000000000000000000000F = { isa = XCBuildConfiguration; buildSettings = { ASSETCATALOG_COMPILER_APPICON_NAME = AppIcon; CODE_SIGN_IDENTITY = "-"; CODE_SIGN_STYLE = Manual; ENABLE_HARDENED_RUNTIME = NO; GENERATE_INFOPLIST_FILE = NO; INFOPLIST_FILE = Info.plist; PRODUCT_BUNDLE_IDENTIFIER = local.obby.notes; PRODUCT_NAME = "$(TARGET_NAME)"; SWIFT_VERSION = 5.0; }; name = Release; };
}; rootObject = 000000000000000000000001; }
